// !$*UTF8*$!
{
	archiveVersion = 1;
	classes = {
	};
	objectVersion = 50;
	objects = {

/* Begin PBXBuildFile section */
		8B3097D326FDDF7200E6D8B8 /* AppDelegate.swift in Sources */ = {isa = PBXBuildFile; fileRef = 8B3097D226FDDF7200E6D8B8 /* AppDelegate.swift */; };
		8B3097D526FDDF7200E6D8B8 /* SceneDelegate.swift in Sources */ = {isa = PBXBuildFile; fileRef = 8B3097D426FDDF7200E6D8B8 /* SceneDelegate.swift */; };
		8B3097DA26FDDF7200E6D8B8 /* Main.storyboard in Resources */ = {isa = PBXBuildFile; fileRef = 8B3097D826FDDF7200E6D8B8 /* Main.storyboard */; };
		8B3097DC26FDDF7D00E6D8B8 /* Assets.xcassets in Resources */ = {isa = PBXBuildFile; fileRef = 8B3097DB26FDDF7D00E6D8B8 /* Assets.xcassets */; };
		8B3097DF26FDDF7D00E6D8B8 /* LaunchScreen.storyboard in Resources */ = {isa = PBXBuildFile; fileRef = 8B3097DD26FDDF7D00E6D8B8 /* LaunchScreen.storyboard */; };
		8B3097EF26FF258800E6D8B8 /* MainView.swift in Sources */ = {isa = PBXBuildFile; fileRef = 8B3097EE26FF258800E6D8B8 /* MainView.swift */; };
		8B3097F226FF259F00E6D8B8 /* MainViewExtension.swift in Sources */ = {isa = PBXBuildFile; fileRef = 8B3097F126FF259F00E6D8B8 /* MainViewExtension.swift */; };
		8B3097FE2700D38000E6D8B8 /* AddView.swift in Sources */ = {isa = PBXBuildFile; fileRef = 8B3097FD2700D38000E6D8B8 /* AddView.swift */; };
		8B30980227020F8C00E6D8B8 /* AddViewExtension.swift in Sources */ = {isa = PBXBuildFile; fileRef = 8B30980127020F8B00E6D8B8 /* AddViewExtension.swift */; };
		8B30980A2703667100E6D8B8 /* WeatherTVCell.swift in Sources */ = {isa = PBXBuildFile; fileRef = 8B3098082703667100E6D8B8 /* WeatherTVCell.swift */; };
		8B30980B2703667100E6D8B8 /* WeatherTVCell.xib in Resources */ = {isa = PBXBuildFile; fileRef = 8B3098092703667100E6D8B8 /* WeatherTVCell.xib */; };
		8B309814270366A700E6D8B8 /* HourTVCell.swift in Sources */ = {isa = PBXBuildFile; fileRef = 8B309812270366A700E6D8B8 /* HourTVCell.swift */; };
		8B309815270366A700E6D8B8 /* HourTVCell.xib in Resources */ = {isa = PBXBuildFile; fileRef = 8B309813270366A700E6D8B8 /* HourTVCell.xib */; };
/* End PBXBuildFile section */

/* Begin PBXFileReference section */
		8B3097CF26FDDF7200E6D8B8 /* WeatherApp.app */ = {isa = PBXFileReference; explicitFileType = wrapper.application; includeInIndex = 0; path = WeatherApp.app; sourceTree = BUILT_PRODUCTS_DIR; };
		8B3097D226FDDF7200E6D8B8 /* AppDelegate.swift */ = {isa = PBXFileReference; lastKnownFileType = sourcecode.swift; path = AppDelegate.swift; sourceTree = "<group>"; };
		8B3097D426FDDF7200E6D8B8 /* SceneDelegate.swift */ = {isa = PBXFileReference; lastKnownFileType = sourcecode.swift; path = SceneDelegate.swift; sourceTree = "<group>"; };
		8B3097D926FDDF7200E6D8B8 /* Base */ = {isa = PBXFileReference; lastKnownFileType = file.storyboard; name = Base; path = Base.lproj/Main.storyboard; sourceTree = "<group>"; };
		8B3097DB26FDDF7D00E6D8B8 /* Assets.xcassets */ = {isa = PBXFileReference; lastKnownFileType = folder.assetcatalog; path = Assets.xcassets; sourceTree = "<group>"; };
		8B3097DE26FDDF7D00E6D8B8 /* Base */ = {isa = PBXFileReference; lastKnownFileType = file.storyboard; name = Base; path = Base.lproj/LaunchScreen.storyboard; sourceTree = "<group>"; };
		8B3097E026FDDF7D00E6D8B8 /* Info.plist */ = {isa = PBXFileReference; lastKnownFileType = text.plist.xml; path = Info.plist; sourceTree = "<group>"; };
		8B3097EE26FF258800E6D8B8 /* MainView.swift */ = {isa = PBXFileReference; lastKnownFileType = sourcecode.swift; path = MainView.swift; sourceTree = "<group>"; };
		8B3097F126FF259F00E6D8B8 /* MainViewExtension.swift */ = {isa = PBXFileReference; lastKnownFileType = sourcecode.swift; path = MainViewExtension.swift; sourceTree = "<group>"; };
		8B3097FD2700D38000E6D8B8 /* AddView.swift */ = {isa = PBXFileReference; lastKnownFileType = sourcecode.swift; path = AddView.swift; sourceTree = "<group>"; };
		8B30980127020F8B00E6D8B8 /* AddViewExtension.swift */ = {isa = PBXFileReference; lastKnownFileType = sourcecode.swift; path = AddViewExtension.swift; sourceTree = "<group>"; };
		8B3098082703667100E6D8B8 /* WeatherTVCell.swift */ = {isa = PBXFileReference; lastKnownFileType = sourcecode.swift; path = WeatherTVCell.swift; sourceTree = "<group>"; };
		8B3098092703667100E6D8B8 /* WeatherTVCell.xib */ = {isa = PBXFileReference; lastKnownFileType = file.xib; path = WeatherTVCell.xib; sourceTree = "<group>"; };
		8B309812270366A700E6D8B8 /* HourTVCell.swift */ = {isa = PBXFileReference; lastKnownFileType = sourcecode.swift; path = HourTVCell.swift; sourceTree = "<group>"; };
		8B309813270366A700E6D8B8 /* HourTVCell.xib */ = {isa = PBXFileReference; lastKnownFileType = file.xib; path = HourTVCell.xib; sourceTree = "<group>"; };
/* End PBXFileReference section */

/* Begin PBXFrameworksBuildPhase section */
		8B3097CC26FDDF7200E6D8B8 /* Frameworks */ = {
			isa = PBXFrameworksBuildPhase;
			buildActionMask = 2147483647;
			files = (
			);
			runOnlyForDeploymentPostprocessing = 0;
		};
/* End PBXFrameworksBuildPhase section */

/* Begin PBXGroup section */
		8B3097C626FDDF7200E6D8B8 = {
			isa = PBXGroup;
			children = (
				8B3097D126FDDF7200E6D8B8 /* WeatherApp */,
				8B3097D026FDDF7200E6D8B8 /* Products */,
			);
			sourceTree = "<group>";
		};
		8B3097D026FDDF7200E6D8B8 /* Products */ = {
			isa = PBXGroup;
			children = (
				8B3097CF26FDDF7200E6D8B8 /* WeatherApp.app */,
			);
			name = Products;
			sourceTree = "<group>";
		};
		8B3097D126FDDF7200E6D8B8 /* WeatherApp */ = {
			isa = PBXGroup;
			children = (
				8B3097E826FDE24000E6D8B8 /* Models */,
				8B3097E926FDE24A00E6D8B8 /* View Controllers */,
				8B3098052703662500E6D8B8 /* Cells */,
				8B3097EB26FDE26700E6D8B8 /* Extensions */,
				8B3097EA26FDE25500E6D8B8 /* Supproting Files */,
				8B3097D826FDDF7200E6D8B8 /* Main.storyboard */,
				8B3097DD26FDDF7D00E6D8B8 /* LaunchScreen.storyboard */,
				8B3097E026FDDF7D00E6D8B8 /* Info.plist */,
			);
			path = WeatherApp;
			sourceTree = "<group>";
		};
		8B3097E826FDE24000E6D8B8 /* Models */ = {
			isa = PBXGroup;
			children = (
			);
			path = Models;
			sourceTree = "<group>";
		};
		8B3097E926FDE24A00E6D8B8 /* View Controllers */ = {
			isa = PBXGroup;
			children = (
				8B3097EE26FF258800E6D8B8 /* MainView.swift */,
				8B3097FD2700D38000E6D8B8 /* AddView.swift */,
			);
			path = "View Controllers";
			sourceTree = "<group>";
		};
		8B3097EA26FDE25500E6D8B8 /* Supproting Files */ = {
			isa = PBXGroup;
			children = (
				8B3097D226FDDF7200E6D8B8 /* AppDelegate.swift */,
				8B3097D426FDDF7200E6D8B8 /* SceneDelegate.swift */,
				8B3097DB26FDDF7D00E6D8B8 /* Assets.xcassets */,
			);
			path = "Supproting Files";
			sourceTree = "<group>";
		};
		8B3097EB26FDE26700E6D8B8 /* Extensions */ = {
			isa = PBXGroup;
			children = (
				8B3097F126FF259F00E6D8B8 /* MainViewExtension.swift */,
				8B30980127020F8B00E6D8B8 /* AddViewExtension.swift */,
			);
			path = Extensions;
			sourceTree = "<group>";
		};
		8B3098052703662500E6D8B8 /* Cells */ = {
			isa = PBXGroup;
			children = (
				8B3098072703663900E6D8B8 /* HourCollectionCell */,
				8B3098062703663100E6D8B8 /* WeatherCell */,
			);
			path = Cells;
			sourceTree = "<group>";
		};
		8B3098062703663100E6D8B8 /* WeatherCell */ = {
			isa = PBXGroup;
			children = (
				8B3098082703667100E6D8B8 /* WeatherTVCell.swift */,
				8B3098092703667100E6D8B8 /* WeatherTVCell.xib */,
			);
			path = WeatherCell;
			sourceTree = "<group>";
		};
		8B3098072703663900E6D8B8 /* HourCollectionCell */ = {
			isa = PBXGroup;
			children = (
				8B309812270366A700E6D8B8 /* HourTVCell.swift */,
				8B309813270366A700E6D8B8 /* HourTVCell.xib */,
			);
			path = HourCollectionCell;
			sourceTree = "<group>";
		};
/* End PBXGroup section */

/* Begin PBXNativeTarget section */
		8B3097CE26FDDF7200E6D8B8 /* WeatherApp */ = {
			isa = PBXNativeTarget;
			buildConfigurationList = 8B3097E326FDDF7D00E6D8B8 /* Build configuration list for PBXNativeTarget "WeatherApp" */;
			buildPhases = (
				8B3097CB26FDDF7200E6D8B8 /* Sources */,
				8B3097CC26FDDF7200E6D8B8 /* Frameworks */,
				8B3097CD26FDDF7200E6D8B8 /* Resources */,
			);
			buildRules = (
			);
			dependencies = (
			);
			name = WeatherApp;
			productName = WeatherApp;
			productReference = 8B3097CF26FDDF7200E6D8B8 /* WeatherApp.app */;
			productType = "com.apple.product-type.application";
		};
/* End PBXNativeTarget section */

/* Begin PBXProject section */
		8B3097C726FDDF7200E6D8B8 /* Project object */ = {
			isa = PBXProject;
			attributes = {
				LastSwiftUpdateCheck = 1210;
				LastUpgradeCheck = 1210;
				TargetAttributes = {
					8B3097CE26FDDF7200E6D8B8 = {
						CreatedOnToolsVersion = 12.1;
					};
				};
			};
			buildConfigurationList = 8B3097CA26FDDF7200E6D8B8 /* Build configuration list for PBXProject "WeatherApp" */;
			compatibilityVersion = "Xcode 9.3";
			developmentRegion = en;
			hasScannedForEncodings = 0;
			knownRegions = (
				en,
				Base,
			);
			mainGroup = 8B3097C626FDDF7200E6D8B8;
			productRefGroup = 8B3097D026FDDF7200E6D8B8 /* Products */;
			projectDirPath = "";
			projectRoot = "";
			targets = (
				8B3097CE26FDDF7200E6D8B8 /* WeatherApp */,
			);
		};
/* End PBXProject section */

/* Begin PBXResourcesBuildPhase section */
		8B3097CD26FDDF7200E6D8B8 /* Resources */ = {
			isa = PBXResourcesBuildPhase;
			buildActionMask = 2147483647;
			files = (
				8B30980B2703667100E6D8B8 /* WeatherTVCell.xib in Resources */,
				8B3097DF26FDDF7D00E6D8B8 /* LaunchScreen.storyboard in Resources */,
				8B3097DC26FDDF7D00E6D8B8 /* Assets.xcassets in Resources */,
				8B3097DA26FDDF7200E6D8B8 /* Main.storyboard in Resources */,
				8B309815270366A700E6D8B8 /* HourTVCell.xib in Resources */,
			);
			runOnlyForDeploymentPostprocessing = 0;
		};
/* End PBXResourcesBuildPhase section */

/* Begin PBXSourcesBuildPhase section */
		8B3097CB26FDDF7200E6D8B8 /* Sources */ = {
			isa = PBXSourcesBuildPhase;
			buildActionMask = 2147483647;
			files = (
				8B3097D326FDDF7200E6D8B8 /* AppDelegate.swift in Sources */,
				8B3097EF26FF258800E6D8B8 /* MainView.swift in Sources */,
				8B30980227020F8C00E6D8B8 /* AddViewExtension.swift in Sources */,
				8B309814270366A700E6D8B8 /* HourTVCell.swift in Sources */,
				8B3097FE2700D38000E6D8B8 /* AddView.swift in Sources */,
				8B3097D526FDDF7200E6D8B8 /* SceneDelegate.swift in Sources */,
				8B30980A2703667100E6D8B8 /* WeatherTVCell.swift in Sources */,
				8B3097F226FF259F00E6D8B8 /* MainViewExtension.swift in Sources */,
			);
			runOnlyForDeploymentPostprocessing = 0;
		};
/* End PBXSourcesBuildPhase section */

/* Begin PBXVariantGroup section */
		8B3097D826FDDF7200E6D8B8 /* Main.storyboard */ = {
			isa = PBXVariantGroup;
			children = (
				8B3097D926FDDF7200E6D8B8 /* Base */,
			);
			name = Main.storyboard;
			sourceTree = "<group>";
		};
		8B3097DD26FDDF7D00E6D8B8 /* LaunchScreen.storyboard */ = {
			isa = PBXVariantGroup;
			children = (
				8B3097DE26FDDF7D00E6D8B8 /* Base */,
			);
			name = LaunchScreen.storyboard;
			sourceTree = "<group>";
		};
/* End PBXVariantGroup section */

/* Begin XCBuildConfiguration section */
		8B3097E126FDDF7D00E6D8B8 /* Debug */ = {
			isa = XCBuildConfiguration;
			buildSettings = {
				ALWAYS_SEARCH_USER_PATHS = NO;
				CLANG_ANALYZER_NONNULL = YES;
				CLANG_ANALYZER_NUMBER_OBJECT_CONVERSION = YES_AGGRESSIVE;
				CLANG_CXX_LANGUAGE_STANDARD = "gnu++14";
				CLANG_CXX_LIBRARY = "libc++";
				CLANG_ENABLE_MODULES = YES;
				CLANG_ENABLE_OBJC_ARC = YES;
				CLANG_ENABLE_OBJC_WEAK = YES;
				CLANG_WARN_BLOCK_CAPTURE_AUTORELEASING = YES;
				CLANG_WARN_BOOL_CONVERSION = YES;
				CLANG_WARN_COMMA = YES;
				CLANG_WARN_CONSTANT_CONVERSION = YES;
				CLANG_WARN_DEPRECATED_OBJC_IMPLEMENTATIONS = YES;
				CLANG_WARN_DIRECT_OBJC_ISA_USAGE = YES_ERROR;
				CLANG_WARN_DOCUMENTATION_COMMENTS = YES;
				CLANG_WARN_EMPTY_BODY = YES;
				CLANG_WARN_ENUM_CONVERSION = YES;
				CLANG_WARN_INFINITE_RECURSION = YES;
				CLANG_WARN_INT_CONVERSION = YES;
				CLANG_WARN_NON_LITERAL_NULL_CONVERSION = YES;
				CLANG_WARN_OBJC_IMPLICIT_RETAIN_SELF = YES;
				CLANG_WARN_OBJC_LITERAL_CONVERSION = YES;
				CLANG_WARN_OBJC_ROOT_CLASS = YES_ERROR;
				CLANG_WARN_QUOTED_INCLUDE_IN_FRAMEWORK_HEADER = YES;
				CLANG_WARN_RANGE_LOOP_ANALYSIS = YES;
				CLANG_WARN_STRICT_PROTOTYPES = YES;
				CLANG_WARN_SUSPICIOUS_MOVE = YES;
				CLANG_WARN_UNGUARDED_AVAILABILITY = YES_AGGRESSIVE;
				CLANG_WARN_UNREACHABLE_CODE = YES;
				CLANG_WARN__DUPLICATE_METHOD_MATCH = YES;
				COPY_PHASE_STRIP = NO;
				DEBUG_INFORMATION_FORMAT = dwarf;
				ENABLE_STRICT_OBJC_MSGSEND = YES;
				ENABLE_TESTABILITY = YES;
				GCC_C_LANGUAGE_STANDARD = gnu11;
				GCC_DYNAMIC_NO_PIC = NO;
				GCC_NO_COMMON_BLOCKS = YES;
				GCC_OPTIMIZATION_LEVEL = 0;
				GCC_PREPROCESSOR_DEFINITIONS = (
					"DEBUG=1",
					"$(inherited)",
				);
				GCC_WARN_64_TO_32_BIT_CONVERSION = YES;
				GCC_WARN_ABOUT_RETURN_TYPE = YES_ERROR;
				GCC_WARN_UNDECLARED_SELECTOR = YES;
				GCC_WARN_UNINITIALIZED_AUTOS = YES_AGGRESSIVE;
				GCC_WARN_UNUSED_FUNCTION = YES;
				GCC_WARN_UNUSED_VARIABLE = YES;
				IPHONEOS_DEPLOYMENT_TARGET = 14.1;
				MTL_ENABLE_DEBUG_INFO = INCLUDE_SOURCE;
				MTL_FAST_MATH = YES;
				ONLY_ACTIVE_ARCH = YES;
				SDKROOT = iphoneos;
				SWIFT_ACTIVE_COMPILATION_CONDITIONS = DEBUG;
				SWIFT_OPTIMIZATION_LEVEL = "-Onone";
			};
			name = Debug;
		};
		8B3097E226FDDF7D00E6D8B8 /* Release */ = {
			isa = XCBuildConfiguration;
			buildSettings = {
				ALWAYS_SEARCH_USER_PATHS = NO;
				CLANG_ANALYZER_NONNULL = YES;
				CLANG_ANALYZER_NUMBER_OBJECT_CONVERSION = YES_AGGRESSIVE;
				CLANG_CXX_LANGUAGE_STANDARD = "gnu++14";
				CLANG_CXX_LIBRARY = "libc++";
				CLANG_ENABLE_MODULES = YES;
				CLANG_ENABLE_OBJC_ARC = YES;
				CLANG_ENABLE_OBJC_WEAK = YES;
				CLANG_WARN_BLOCK_CAPTURE_AUTORELEASING = YES;
				CLANG_WARN_BOOL_CONVERSION = YES;
				CLANG_WARN_COMMA = YES;
				CLANG_WARN_CONSTANT_CONVERSION = YES;
				CLANG_WARN_DEPRECATED_OBJC_IMPLEMENTATIONS = YES;
				CLANG_WARN_DIRECT_OBJC_ISA_USAGE = YES_ERROR;
				CLANG_WARN_DOCUMENTATION_COMMENTS = YES;
				CLANG_WARN_EMPTY_BODY = YES;
				CLANG_WARN_ENUM_CONVERSION = YES;
				CLANG_WARN_INFINITE_RECURSION = YES;
				CLANG_WARN_INT_CONVERSION = YES;
				CLANG_WARN_NON_LITERAL_NULL_CONVERSION = YES;
				CLANG_WARN_OBJC_IMPLICIT_RETAIN_SELF = YES;
				CLANG_WARN_OBJC_LITERAL_CONVERSION = YES;
				CLANG_WARN_OBJC_ROOT_CLASS = YES_ERROR;
				CLANG_WARN_QUOTED_INCLUDE_IN_FRAMEWORK_HEADER = YES;
				CLANG_WARN_RANGE_LOOP_ANALYSIS = YES;
				CLANG_WARN_STRICT_PROTOTYPES = YES;
				CLANG_WARN_SUSPICIOUS_MOVE = YES;
				CLANG_WARN_UNGUARDED_AVAILABILITY = YES_AGGRESSIVE;
				CLANG_WARN_UNREACHABLE_CODE = YES;
				CLANG_WARN__DUPLICATE_METHOD_MATCH = YES;
				COPY_PHASE_STRIP = NO;
				DEBUG_INFORMATION_FORMAT = "dwarf-with-dsym";
				ENABLE_NS_ASSERTIONS = NO;
				ENABLE_STRICT_OBJC_MSGSEND = YES;
				GCC_C_LANGUAGE_STANDARD = gnu11;
				GCC_NO_COMMON_BLOCKS = YES;
				GCC_WARN_64_TO_32_BIT_CONVERSION = YES;
				GCC_WARN_ABOUT_RETURN_TYPE = YES_ERROR;
				GCC_WARN_UNDECLARED_SELECTOR = YES;
				GCC_WARN_UNINITIALIZED_AUTOS = YES_AGGRESSIVE;
				GCC_WARN_UNUSED_FUNCTION = YES;
				GCC_WARN_UNUSED_VARIABLE = YES;
				IPHONEOS_DEPLOYMENT_TARGET = 14.1;
				MTL_ENABLE_DEBUG_INFO = NO;
				MTL_FAST_MATH = YES;
				SDKROOT = iphoneos;
				SWIFT_COMPILATION_MODE = wholemodule;
				SWIFT_OPTIMIZATION_LEVEL = "-O";
				VALIDATE_PRODUCT = YES;
			};
			name = Release;
		};
		8B3097E426FDDF7D00E6D8B8 /* Debug */ = {
			isa = XCBuildConfiguration;
			buildSettings = {
				ASSETCATALOG_COMPILER_APPICON_NAME = AppIcon;
				ASSETCATALOG_COMPILER_GLOBAL_ACCENT_COLOR_NAME = AccentColor;
				CODE_SIGN_STYLE = Automatic;
				DEVELOPMENT_TEAM = 27XLCNX4SV;
				INFOPLIST_FILE = WeatherApp/Info.plist;
				LD_RUNPATH_SEARCH_PATHS = (
					"$(inherited)",
					"@executable_path/Frameworks",
				);
				PRODUCT_BUNDLE_IDENTIFIER = com.artem.WeatherApp;
				PRODUCT_NAME = "$(TARGET_NAME)";
				SWIFT_VERSION = 5.0;
				TARGETED_DEVICE_FAMILY = "1,2";
			};
			name = Debug;
		};
		8B3097E526FDDF7D00E6D8B8 /* Release */ = {
			isa = XCBuildConfiguration;
			buildSettings = {
				ASSETCATALOG_COMPILER_APPICON_NAME = AppIcon;
				ASSETCATALOG_COMPILER_GLOBAL_ACCENT_COLOR_NAME = AccentColor;
				CODE_SIGN_STYLE = Automatic;
				DEVELOPMENT_TEAM = 27XLCNX4SV;
				INFOPLIST_FILE = WeatherApp/Info.plist;
				LD_RUNPATH_SEARCH_PATHS = (
					"$(inherited)",
					"@executable_path/Frameworks",
				);
				PRODUCT_BUNDLE_IDENTIFIER = com.artem.WeatherApp;
				PRODUCT_NAME = "$(TARGET_NAME)";
				SWIFT_VERSION = 5.0;
				TARGETED_DEVICE_FAMILY = "1,2";
			};
			name = Release;
		};
/* End XCBuildConfiguration section */

/* Begin XCConfigurationList section */
		8B3097CA26FDDF7200E6D8B8 /* Build configuration list for PBXProject "WeatherApp" */ = {
			isa = XCConfigurationList;
			buildConfigurations = (
				8B3097E126FDDF7D00E6D8B8 /* Debug */,
				8B3097E226FDDF7D00E6D8B8 /* Release */,
			);
			defaultConfigurationIsVisible = 0;
			defaultConfigurationName = Release;
		};
		8B3097E326FDDF7D00E6D8B8 /* Build configuration list for PBXNativeTarget "WeatherApp" */ = {
			isa = XCConfigurationList;
			buildConfigurations = (
				8B3097E426FDDF7D00E6D8B8 /* Debug */,
				8B3097E526FDDF7D00E6D8B8 /* Release */,
			);
			defaultConfigurationIsVisible = 0;
			defaultConfigurationName = Release;
		};
/* End XCConfigurationList section */
	};
	rootObject = 8B3097C726FDDF7200E6D8B8 /* Project object */;
}
